
Microsoft Visual Studio Solution File, Format Version 12.00
# Visual Studio Version 17
VisualStudioVersion = 17.0.31903.59
MinimumVisualStudioVersion = 10.0.40219.1
Project("{2150E333-8FDC-42A3-9474-1A3956D46DE8}") = "src", "src", "{D24D0FED-31E4-486A-989C-3706542E2EC6}"
EndProject
Project("{FAE04EC0-301F-11D3-BF4B-00C04F79EFBC}") = "Sim.Core", "src\Sim.Core\Sim.Core.csproj", "{1E3F05AA-747A-49E1-AC57-26ABF1AB5D09}"
EndProject
Project("{FAE04EC0-301F-11D3-BF4B-00C04F79EFBC}") = "Sim.Ingest", "src\Sim.Ingest\Sim.Ingest.csproj", "{8673A5B2-F9D7-424D-B305-6AB614E01BDF}"
EndProject
Project("{FAE04EC0-301F-11D3-BF4B-00C04F79EFBC}") = "Sim.Harness", "src\Sim.Harness\Sim.Harness.csproj", "{2FD90A6F-7471-4900-A2F3-8806AE1003F2}"
EndProject
Project("{2150E333-8FDC-42A3-9474-1A3956D46DE8}") = "tests", "tests", "{3389E551-0822-4E5A-BC1F-2AB496489732}"
EndProject
Project("{FAE04EC0-301F-11D3-BF4B-00C04F79EFBC}") = "Sim.ParityTests", "tests\Sim.ParityTests\Sim.ParityTests.csproj", "{B5D354AF-026D-430E-A36C-480A14CF0273}"
EndProject
Project("{FAE04EC0-301F-11D3-BF4B-00C04F79EFBC}") = "Sim.Bench", "src\Sim.Bench\Sim.Bench.csproj", "{1EE427CD-90AB-4F9E-BF34-2507FCC234AA}"
EndProject
Project("{FAE04EC0-301F-11D3-BF4B-00C04F79EFBC}") = "Sim.Run", "src\Sim.Run\Sim.Run.csproj", "{E6D49701-7456-4F95-93FF-7524DC665191}"
EndProject
Project("{FAE04EC0-301F-11D3-BF4B-00C04F79EFBC}") = "Sim.Viz", "src\Sim.Viz\Sim.Viz.csproj", "{D163C5DC-1459-4421-87C3-52ADB91B6E6E}"
EndProject
Project("{FAE04EC0-301F-11D3-BF4B-00C04F79EFBC}") = "Sim.BenchCity", "src\Sim.BenchCity\Sim.BenchCity.csproj", "{76B87C93-FD54-4EC6-B407-4F648AAB0C50}"
EndProject
Project("{FAE04EC0-301F-11D3-BF4B-00C04F79EFBC}") = "Sim.ExtDemo", "src\Sim.ExtDemo\Sim.ExtDemo.csproj", "{7DA2EA43-3094-49C2-86DB-73C99294B5FC}"
EndProject
Project("{FAE04EC0-301F-11D3-BF4B-00C04F79EFBC}") = "Sim.LiveHost", "src\Sim.LiveHost\Sim.LiveHost.csproj", "{A7A4FC7A-989F-461B-BF7D-486BB1C717A7}"
EndProject
Project("{2150E333-8FDC-42A3-9474-1A3956D46DE8}") = "samples", "samples", "{3D68B904-F0A6-4715-920F-517CBEB74580}"
EndProject
Project("{FAE04EC0-301F-11D3-BF4B-00C04F79EFBC}") = "SumoSharp.GameHostSample", "samples\SumoSharp.GameHostSample\SumoSharp.GameHostSample.csproj", "{F1440097-10DA-430F-A76F-6887F6C9C572}"
EndProject
Project("{FAE04EC0-301F-11D3-BF4B-00C04F79EFBC}") = "Sim.Replication", "src\Sim.Replication\Sim.Replication.csproj", "{C2D957C9-99A1-4E8C-9766-31B3D99B0055}"
EndProject
Project("{FAE04EC0-301F-11D3-BF4B-00C04F79EFBC}") = "Sim.Evac", "src\Sim.Evac\Sim.Evac.csproj", "{FD3257DD-7455-485D-B8F9-6D19E8639E36}"
EndProject
Project("{FAE04EC0-301F-11D3-BF4B-00C04F79EFBC}") = "Sim.EvacProfile", "src\Sim.EvacProfile\Sim.EvacProfile.csproj", "{23FE2A5F-B8B6-4017-9A72-2889838B7DE4}"
EndProject
Project("{FAE04EC0-301F-11D3-BF4B-00C04F79EFBC}") = "Sim.Viewer.Motion", "src\Sim.Viewer.Motion\Sim.Viewer.Motion.csproj", "{19B29B89-D698-4EA4-8E76-C6335DC0C5E9}"
EndProject
Project("{2150E333-8FDC-42A3-9474-1A3956D46DE8}") = "packaging", "packaging", "{47F17F76-7F1D-4D43-A9D2-CD276927F5C1}"
EndProject
Project("{FAE04EC0-301F-11D3-BF4B-00C04F79EFBC}") = "SumoSharp.Meta", "packaging\SumoSharp.Meta\SumoSharp.Meta.csproj", "{4901E1CA-CFAE-4E3F-9DC6-DD5ECB46CFCB}"
EndProject
Global
	GlobalSection(SolutionConfigurationPlatforms) = preSolution
		Debug|Any CPU = Debug|Any CPU
		Release|Any CPU = Release|Any CPU
	EndGlobalSection
	GlobalSection(SolutionProperties) = preSolution
		HideSolutionNode = FALSE
	EndGlobalSection
	GlobalSection(ProjectConfigurationPlatforms) = postSolution
		{1E3F05AA-747A-49E1-AC57-26ABF1AB5D09}.Debug|Any CPU.ActiveCfg = Debug|Any CPU
		{1E3F05AA-747A-49E1-AC57-26ABF1AB5D09}.Debug|Any CPU.Build.0 = Debug|Any CPU
		{1E3F05AA-747A-49E1-AC57-26ABF1AB5D09}.Release|Any CPU.ActiveCfg = Release|Any CPU
		{1E3F05AA-747A-49E1-AC57-26ABF1AB5D09}.Release|Any CPU.Build.0 = Release|Any CPU
		{8673A5B2-F9D7-424D-B305-6AB614E01BDF}.Debug|Any CPU.ActiveCfg = Debug|Any CPU
		{8673A5B2-F9D7-424D-B305-6AB614E01BDF}.Debug|Any CPU.Build.0 = Debug|Any CPU
		{8673A5B2-F9D7-424D-B305-6AB614E01BDF}.Release|Any CPU.ActiveCfg = Release|Any CPU
		{8673A5B2-F9D7-424D-B305-6AB614E01BDF}.Release|Any CPU.Build.0 = Release|Any CPU
		{2FD90A6F-7471-4900-A2F3-8806AE1003F2}.Debug|Any CPU.ActiveCfg = Debug|Any CPU
		{2FD90A6F-7471-4900-A2F3-8806AE1003F2}.Debug|Any CPU.Build.0 = Debug|Any CPU
		{2FD90A6F-7471-4900-A2F3-8806AE1003F2}.Release|Any CPU.ActiveCfg = Release|Any CPU
		{2FD90A6F-7471-4900-A2F3-8806AE1003F2}.Release|Any CPU.Build.0 = Release|Any CPU
		{B5D354AF-026D-430E-A36C-480A14CF0273}.Debug|Any CPU.ActiveCfg = Debug|Any CPU
		{B5D354AF-026D-430E-A36C-480A14CF0273}.Debug|Any CPU.Build.0 = Debug|Any CPU
		{B5D354AF-026D-430E-A36C-480A14CF0273}.Release|Any CPU.ActiveCfg = Release|Any CPU
		{B5D354AF-026D-430E-A36C-480A14CF0273}.Release|Any CPU.Build.0 = Release|Any CPU
		{1EE427CD-90AB-4F9E-BF34-2507FCC234AA}.Debug|Any CPU.ActiveCfg = Debug|Any CPU
		{1EE427CD-90AB-4F9E-BF34-2507FCC234AA}.Debug|Any CPU.Build.0 = Debug|Any CPU
		{1EE427CD-90AB-4F9E-BF34-2507FCC234AA}.Release|Any CPU.ActiveCfg = Release|Any CPU
		{1EE427CD-90AB-4F9E-BF34-2507FCC234AA}.Release|Any CPU.Build.0 = Release|Any CPU
		{E6D49701-7456-4F95-93FF-7524DC665191}.Debug|Any CPU.ActiveCfg = Debug|Any CPU
		{E6D49701-7456-4F95-93FF-7524DC665191}.Debug|Any CPU.Build.0 = Debug|Any CPU
		{E6D49701-7456-4F95-93FF-7524DC665191}.Release|Any CPU.ActiveCfg = Release|Any CPU
		{E6D49701-7456-4F95-93FF-7524DC665191}.Release|Any CPU.Build.0 = Release|Any CPU
		{D163C5DC-1459-4421-87C3-52ADB91B6E6E}.Debug|Any CPU.ActiveCfg = Debug|Any CPU
		{D163C5DC-1459-4421-87C3-52ADB91B6E6E}.Debug|Any CPU.Build.0 = Debug|Any CPU
		{D163C5DC-1459-4421-87C3-52ADB91B6E6E}.Release|Any CPU.ActiveCfg = Release|Any CPU
		{D163C5DC-1459-4421-87C3-52ADB91B6E6E}.Release|Any CPU.Build.0 = Release|Any CPU
		{76B87C93-FD54-4EC6-B407-4F648AAB0C50}.Debug|Any CPU.ActiveCfg = Debug|Any CPU
		{76B87C93-FD54-4EC6-B407-4F648AAB0C50}.Debug|Any CPU.Build.0 = Debug|Any CPU
		{76B87C93-FD54-4EC6-B407-4F648AAB0C50}.Release|Any CPU.ActiveCfg = Release|Any CPU
		{76B87C93-FD54-4EC6-B407-4F648AAB0C50}.Release|Any CPU.Build.0 = Release|Any CPU
		{7DA2EA43-3094-49C2-86DB-73C99294B5FC}.Debug|Any CPU.ActiveCfg = Debug|Any CPU
		{7DA2EA43-3094-49C2-86DB-73C99294B5FC}.Debug|Any CPU.Build.0 = Debug|Any CPU
		{7DA2EA43-3094-49C2-86DB-73C99294B5FC}.Release|Any CPU.ActiveCfg = Release|Any CPU
		{7DA2EA43-3094-49C2-86DB-73C99294B5FC}.Release|Any CPU.Build.0 = Release|Any CPU
		{A7A4FC7A-989F-461B-BF7D-486BB1C717A7}.Debug|Any CPU.ActiveCfg = Debug|Any CPU
		{A7A4FC7A-989F-461B-BF7D-486BB1C717A7}.Debug|Any CPU.Build.0 = Debug|Any CPU
		{A7A4FC7A-989F-461B-BF7D-486BB1C717A7}.Release|Any CPU.ActiveCfg = Release|Any CPU
		{A7A4FC7A-989F-461B-BF7D-486BB1C717A7}.Release|Any CPU.Build.0 = Release|Any CPU
		{F1440097-10DA-430F-A76F-6887F6C9C572}.Debug|Any CPU.ActiveCfg = Debug|Any CPU
		{F1440097-10DA-430F-A76F-6887F6C9C572}.Debug|Any CPU.Build.0 = Debug|Any CPU
		{F1440097-10DA-430F-A76F-6887F6C9C572}.Release|Any CPU.ActiveCfg = Release|Any CPU
		{F1440097-10DA-430F-A76F-6887F6C9C572}.Release|Any CPU.Build.0 = Release|Any CPU
		{C2D957C9-99A1-4E8C-9766-31B3D99B0055}.Debug|Any CPU.ActiveCfg = Debug|Any CPU
		{C2D957C9-99A1-4E8C-9766-31B3D99B0055}.Debug|Any CPU.Build.0 = Debug|Any CPU
		{C2D957C9-99A1-4E8C-9766-31B3D99B0055}.Release|Any CPU.ActiveCfg = Release|Any CPU
		{C2D957C9-99A1-4E8C-9766-31B3D99B0055}.Release|Any CPU.Build.0 = Release|Any CPU
		{FD3257DD-7455-485D-B8F9-6D19E8639E36}.Debug|Any CPU.ActiveCfg = Debug|Any CPU
		{FD3257DD-7455-485D-B8F9-6D19E8639E36}.Debug|Any CPU.Build.0 = Debug|Any CPU
		{FD3257DD-7455-485D-B8F9-6D19E8639E36}.Release|Any CPU.ActiveCfg = Release|Any CPU
		{FD3257DD-7455-485D-B8F9-6D19E8639E36}.Release|Any CPU.Build.0 = Release|Any CPU
		{23FE2A5F-B8B6-4017-9A72-2889838B7DE4}.Debug|Any CPU.ActiveCfg = Debug|Any CPU
		{23FE2A5F-B8B6-4017-9A72-2889838B7DE4}.Debug|Any CPU.Build.0 = Debug|Any CPU
		{23FE2A5F-B8B6-4017-9A72-2889838B7DE4}.Release|Any CPU.ActiveCfg = Release|Any CPU
		{23FE2A5F-B8B6-4017-9A72-2889838B7DE4}.Release|Any CPU.Build.0 = Release|Any CPU
		{19B29B89-D698-4EA4-8E76-C6335DC0C5E9}.Debug|Any CPU.ActiveCfg = Debug|Any CPU
		{19B29B89-D698-4EA4-8E76-C6335DC0C5E9}.Debug|Any CPU.Build.0 = Debug|Any CPU
		{19B29B89-D698-4EA4-8E76-C6335DC0C5E9}.Release|Any CPU.ActiveCfg = Release|Any CPU
		{19B29B89-D698-4EA4-8E76-C6335DC0C5E9}.Release|Any CPU.Build.0 = Release|Any CPU
		{4901E1CA-CFAE-4E3F-9DC6-DD5ECB46CFCB}.Debug|Any CPU.ActiveCfg = Debug|Any CPU
		{4901E1CA-CFAE-4E3F-9DC6-DD5ECB46CFCB}.Debug|Any CPU.Build.0 = Debug|Any CPU
		{4901E1CA-CFAE-4E3F-9DC6-DD5ECB46CFCB}.Release|Any CPU.ActiveCfg = Release|Any CPU
		{4901E1CA-CFAE-4E3F-9DC6-DD5ECB46CFCB}.Release|Any CPU.Build.0 = Release|Any CPU
	EndGlobalSection
	GlobalSection(NestedProjects) = preSolution
		{1E3F05AA-747A-49E1-AC57-26ABF1AB5D09} = {D24D0FED-31E4-486A-989C-3706542E2EC6}
		{8673A5B2-F9D7-424D-B305-6AB614E01BDF} = {D24D0FED-31E4-486A-989C-3706542E2EC6}
		{2FD90A6F-7471-4900-A2F3-8806AE1003F2} = {D24D0FED-31E4-486A-989C-3706542E2EC6}
		{B5D354AF-026D-430E-A36C-480A14CF0273} = {3389E551-0822-4E5A-BC1F-2AB496489732}
		{1EE427CD-90AB-4F9E-BF34-2507FCC234AA} = {D24D0FED-31E4-486A-989C-3706542E2EC6}
		{E6D49701-7456-4F95-93FF-7524DC665191} = {D24D0FED-31E4-486A-989C-3706542E2EC6}
		{D163C5DC-1459-4421-87C3-52ADB91B6E6E} = {D24D0FED-31E4-486A-989C-3706542E2EC6}
		{76B87C93-FD54-4EC6-B407-4F648AAB0C50} = {D24D0FED-31E4-486A-989C-3706542E2EC6}
		{7DA2EA43-3094-49C2-86DB-73C99294B5FC} = {D24D0FED-31E4-486A-989C-3706542E2EC6}
		{A7A4FC7A-989F-461B-BF7D-486BB1C717A7} = {D24D0FED-31E4-486A-989C-3706542E2EC6}
		{F1440097-10DA-430F-A76F-6887F6C9C572} = {3D68B904-F0A6-4715-920F-517CBEB74580}
		{C2D957C9-99A1-4E8C-9766-31B3D99B0055} = {D24D0FED-31E4-486A-989C-3706542E2EC6}
		{FD3257DD-7455-485D-B8F9-6D19E8639E36} = {D24D0FED-31E4-486A-989C-3706542E2EC6}
		{23FE2A5F-B8B6-4017-9A72-2889838B7DE4} = {D24D0FED-31E4-486A-989C-3706542E2EC6}
		{19B29B89-D698-4EA4-8E76-C6335DC0C5E9} = {D24D0FED-31E4-486A-989C-3706542E2EC6}
		{4901E1CA-CFAE-4E3F-9DC6-DD5ECB46CFCB} = {47F17F76-7F1D-4D43-A9D2-CD276927F5C1}
	EndGlobalSection
EndGlobal
